
Microsoft Visual Studio Solution File, Format Version 11.00
# Visual Studio 2010
Project("{E24C65DC-7377-472B-9ABA-BC803B73C61A}") = "Validation", "Validation\", "{70008E90-6C59-454D-9263-C14AB25C56DB}"
	ProjectSection(WebsiteProperties) = preProject
		TargetFrameworkMoniker = ".NETFramework,Version%3Dv4.0"
		Debug.AspNetCompiler.VirtualPath = "/Validation"
		Debug.AspNetCompiler.PhysicalPath = "D:\Code\Beginning ASP.NET 4 in VB\Chapter10\Validation\"
		Debug.AspNetCompiler.TargetPath = "PrecompiledWeb\Validation\"
		Debug.AspNetCompiler.Updateable = "true"
		Debug.AspNetCompiler.ForceOverwrite = "true"
		Debug.AspNetCompiler.FixedNames = "false"
		Debug.AspNetCompiler.Debug = "True"
		Release.AspNetCompiler.VirtualPath = "/Validation"
		Release.AspNetCompiler.PhysicalPath = "D:\Code\Beginning ASP.NET 4 in VB\Chapter10\Validation\"
		Release.AspNetCompiler.TargetPath = "PrecompiledWeb\Validation\"
		Release.AspNetCompiler.Updateable = "true"
		Release.AspNetCompiler.ForceOverwrite = "true"
		Release.AspNetCompiler.FixedNames = "false"
		Release.AspNetCompiler.Debug = "False"
		VWDPort = "36405"
	EndProjectSection
EndProject
Global
	GlobalSection(SolutionConfigurationPlatforms) = preSolution
		Debug|Any CPU = Debug|Any CPU
	EndGlobalSection
	GlobalSection(ProjectConfigurationPlatforms) = postSolution
		{70008E90-6C59-454D-9263-C14AB25C56DB}.Debug|Any CPU.ActiveCfg = Debug|Any CPU
		{70008E90-6C59-454D-9263-C14AB25C56DB}.Debug|Any CPU.Build.0 = Debug|Any CPU
	EndGlobalSection
	GlobalSection(SolutionProperties) = preSolution
		HideSolutionNode = FALSE
	EndGlobalSection
EndGlobal
